// !$*UTF8*$!
{
	archiveVersion = 1;
	classes = {
	};
	objectVersion = 50;
	objects = {

/* Begin PBXBuildFile section */
		81CB72AC21142A14000B0BBC /* KVCocoa.framework in Frameworks */ = {isa = PBXBuildFile; fileRef = 81CB72A221142A14000B0BBC /* KVCocoa.framework */; };
		81CB72B121142A14000B0BBC /* KVCocoaTests.swift in Sources */ = {isa = PBXBuildFile; fileRef = 81CB72B021142A14000B0BBC /* KVCocoaTests.swift */; };
		81CB72B321142A14000B0BBC /* KVCocoa.h in Headers */ = {isa = PBXBuildFile; fileRef = 81CB72A521142A14000B0BBC /* KVCocoa.h */; settings = {ATTRIBUTES = (Public, ); }; };
/* End PBXBuildFile section */

/* Begin PBXContainerItemProxy section */
		81CB72AD21142A14000B0BBC /* PBXContainerItemProxy */ = {
			isa = PBXContainerItemProxy;
			containerPortal = 81CB729921142A14000B0BBC /* Project object */;
			proxyType = 1;
			remoteGlobalIDString = 81CB72A121142A14000B0BBC;
			remoteInfo = KVCocoa;
		};
/* End PBXContainerItemProxy section */

/* Begin PBXFileReference section */
		81CB72A221142A14000B0BBC /* KVCocoa.framework */ = {isa = PBXFileReference; explicitFileType = wrapper.framework; includeInIndex = 0; path = KVCocoa.framework; sourceTree = BUILT_PRODUCTS_DIR; };
		81CB72A521142A14000B0BBC /* KVCocoa.h */ = {isa = PBXFileReference; lastKnownFileType = sourcecode.c.h; path = KVCocoa.h; sourceTree = "<group>"; };
		81CB72A621142A14000B0BBC /* Info.plist */ = {isa = PBXFileReference; lastKnownFileType = text.plist.xml; path = Info.plist; sourceTree = "<group>"; };
		81CB72AB21142A14000B0BBC /* KVCocoaTests.xctest */ = {isa = PBXFileReference; explicitFileType = wrapper.cfbundle; includeInIndex = 0; path = KVCocoaTests.xctest; sourceTree = BUILT_PRODUCTS_DIR; };
		81CB72B021142A14000B0BBC /* KVCocoaTests.swift */ = {isa = PBXFileReference; lastKnownFileType = sourcecode.swift; path = KVCocoaTests.swift; sourceTree = "<group>"; };
		81CB72B221142A14000B0BBC /* Info.plist */ = {isa = PBXFileReference; lastKnownFileType = text.plist.xml; path = Info.plist; sourceTree = "<group>"; };
/* End PBXFileReference section */

/* Begin PBXFrameworksBuildPhase section */
		81CB729E21142A14000B0BBC /* Frameworks */ = {
			isa = PBXFrameworksBuildPhase;
			buildActionMask = 2147483647;
			files = (
			);
			runOnlyForDeploymentPostprocessing = 0;
		};
		81CB72A821142A14000B0BBC /* Frameworks */ = {
			isa = PBXFrameworksBuildPhase;
			buildActionMask = 2147483647;
			files = (
				81CB72AC21142A14000B0BBC /* KVCocoa.framework in Frameworks */,
			);
			runOnlyForDeploymentPostprocessing = 0;
		};
/* End PBXFrameworksBuildPhase section */

/* Begin PBXGroup section */
		81CB729821142A14000B0BBC = {
			isa = PBXGroup;
			children = (
				81CB72A421142A14000B0BBC /* KVCocoa */,
				81CB72AF21142A14000B0BBC /* KVCocoaTests */,
				81CB72A321142A14000B0BBC /* Products */,
			);
			sourceTree = "<group>";
		};
		81CB72A321142A14000B0BBC /* Products */ = {
			isa = PBXGroup;
			children = (
				81CB72A221142A14000B0BBC /* KVCocoa.framework */,
				81CB72AB21142A14000B0BBC /* KVCocoaTests.xctest */,
			);
			name = Products;
			sourceTree = "<group>";
		};
		81CB72A421142A14000B0BBC /* KVCocoa */ = {
			isa = PBXGroup;
			children = (
				81CB72A521142A14000B0BBC /* KVCocoa.h */,
				81CB72A621142A14000B0BBC /* Info.plist */,
			);
			path = KVCocoa;
			sourceTree = "<group>";
		};
		81CB72AF21142A14000B0BBC /* KVCocoaTests */ = {
			isa = PBXGroup;
			children = (
				81CB72B021142A14000B0BBC /* KVCocoaTests.swift */,
				81CB72B221142A14000B0BBC /* Info.plist */,
			);
			path = KVCocoaTests;
			sourceTree = "<group>";
		};
/* End PBXGroup section */

/* Begin PBXHeadersBuildPhase section */
		81CB729F21142A14000B0BBC /* Headers */ = {
			isa = PBXHeadersBuildPhase;
			buildActionMask = 2147483647;
			files = (
				81CB72B321142A14000B0BBC /* KVCocoa.h in Headers */,
			);
			runOnlyForDeploymentPostprocessing = 0;
		};
/* End PBXHeadersBuildPhase section */

/* Begin PBXNativeTarget section */
		81CB72A121142A14000B0BBC /* KVCocoa */ = {
			isa = PBXNativeTarget;
			buildConfigurationList = 81CB72B621142A14000B0BBC /* Build configuration list for PBXNativeTarget "KVCocoa" */;
			buildPhases = (
				81CB729D21142A14000B0BBC /* Sources */,
				81CB729E21142A14000B0BBC /* Frameworks */,
				81CB729F21142A14000B0BBC /* Headers */,
				81CB72A021142A14000B0BBC /* Resources */,
			);
			buildRules = (
			);
			dependencies = (
			);
			name = KVCocoa;
			productName = KVCocoa;
			productReference = 81CB72A221142A14000B0BBC /* KVCocoa.framework */;
			productType = "com.apple.product-type.framework";
		};
		81CB72AA21142A14000B0BBC /* KVCocoaTests */ = {
			isa = PBXNativeTarget;
			buildConfigurationList = 81CB72B921142A14000B0BBC /* Build configuration list for PBXNativeTarget "KVCocoaTests" */;
			buildPhases = (
				81CB72A721142A14000B0BBC /* Sources */,
				81CB72A821142A14000B0BBC /* Frameworks */,
				81CB72A921142A14000B0BBC /* Resources */,
			);
			buildRules = (
			);
			dependencies = (
				81CB72AE21142A14000B0BBC /* PBXTargetDependency */,
			);
			name = KVCocoaTests;
			productName = KVCocoaTests;
			productReference = 81CB72AB21142A14000B0BBC /* KVCocoaTests.xctest */;
			productType = "com.apple.product-type.bundle.unit-test";
		};
/* End PBXNativeTarget section */

/* Begin PBXProject section */
		81CB729921142A14000B0BBC /* Project object */ = {
			isa = PBXProject;
			attributes = {
				LastSwiftUpdateCheck = 0940;
				LastUpgradeCheck = 0940;
				ORGANIZATIONNAME = "HP Enterprise";
				TargetAttributes = {
					81CB72A121142A14000B0BBC = {
						CreatedOnToolsVersion = 9.4.1;
					};
					81CB72AA21142A14000B0BBC = {
						CreatedOnToolsVersion = 9.4.1;
					};
				};
			};
			buildConfigurationList = 81CB729C21142A14000B0BBC /* Build configuration list for PBXProject "KVCocoa" */;
			compatibilityVersion = "Xcode 9.3";
			developmentRegion = en;
			hasScannedForEncodings = 0;
			knownRegions = (
				en,
			);
			mainGroup = 81CB729821142A14000B0BBC;
			productRefGroup = 81CB72A321142A14000B0BBC /* Products */;
			projectDirPath = "";
			projectRoot = "";
			targets = (
				81CB72A121142A14000B0BBC /* KVCocoa */,
				81CB72AA21142A14000B0BBC /* KVCocoaTests */,
			);
		};
/* End PBXProject section */

/* Begin PBXResourcesBuildPhase section */
		81CB72A021142A14000B0BBC /* Resources */ = {
			isa = PBXResourcesBuildPhase;
			buildActionMask = 2147483647;
			files = (
			);
			runOnlyForDeploymentPostprocessing = 0;
		};
		81CB72A921142A14000B0BBC /* Resources */ = {
			isa = PBXResourcesBuildPhase;
			buildActionMask = 2147483647;
			files = (
			);
			runOnlyForDeploymentPostprocessing = 0;
		};
/* End PBXResourcesBuildPhase section */

/* Begin PBXSourcesBuildPhase section */
		81CB729D21142A14000B0BBC /* Sources */ = {
			isa = PBXSourcesBuildPhase;
			buildActionMask = 2147483647;
			files = (
			);
			runOnlyForDeploymentPostprocessing = 0;
		};
		81CB72A721142A14000B0BBC /* Sources */ = {
			isa = PBXSourcesBuildPhase;
			buildActionMask = 2147483647;
			files = (
				81CB72B121142A14000B0BBC /* KVCocoaTests.swift in Sources */,
			);
			runOnlyForDeploymentPostprocessing = 0;
		};
/* End PBXSourcesBuildPhase section */

/* Begin PBXTargetDependency section */
		81CB72AE21142A14000B0BBC /* PBXTargetDependency */ = {
			isa = PBXTargetDependency;
			target = 81CB72A121142A14000B0BBC /* KVCocoa */;
			targetProxy = 81CB72AD21142A14000B0BBC /* PBXContainerItemProxy */;
		};
/* End PBXTargetDependency section */

/* Begin XCBuildConfiguration section */
		81CB72B421142A14000B0BBC /* Debug */ = {
			isa = XCBuildConfiguration;
			buildSettings = {
				ALWAYS_SEARCH_USER_PATHS = NO;
				CLANG_ANALYZER_NONNULL = YES;
				CLANG_ANALYZER_NUMBER_OBJECT_CONVERSION = YES_AGGRESSIVE;
				CLANG_CXX_LANGUAGE_STANDARD = "gnu++14";
				CLANG_CXX_LIBRARY = "libc++";
				CLANG_ENABLE_MODULES = YES;
				CLANG_ENABLE_OBJC_ARC = YES;
				CLANG_ENABLE_OBJC_WEAK = YES;
				CLANG_WARN_BLOCK_CAPTURE_AUTORELEASING = YES;
				CLANG_WARN_BOOL_CONVERSION = YES;
				CLANG_WARN_COMMA = YES;
				CLANG_WARN_CONSTANT_CONVERSION = YES;
				CLANG_WARN_DEPRECATED_OBJC_IMPLEMENTATIONS = YES;
				CLANG_WARN_DIRECT_OBJC_ISA_USAGE = YES_ERROR;
				CLANG_WARN_DOCUMENTATION_COMMENTS = YES;
				CLANG_WARN_EMPTY_BODY = YES;
				CLANG_WARN_ENUM_CONVERSION = YES;
				CLANG_WARN_INFINITE_RECURSION = YES;
				CLANG_WARN_INT_CONVERSION = YES;
				CLANG_WARN_NON_LITERAL_NULL_CONVERSION = YES;
				CLANG_WARN_OBJC_IMPLICIT_RETAIN_SELF = YES;
				CLANG_WARN_OBJC_LITERAL_CONVERSION = YES;
				CLANG_WARN_OBJC_ROOT_CLASS = YES_ERROR;
				CLANG_WARN_RANGE_LOOP_ANALYSIS = YES;
				CLANG_WARN_STRICT_PROTOTYPES = YES;
				CLANG_WARN_SUSPICIOUS_MOVE = YES;
				CLANG_WARN_UNGUARDED_AVAILABILITY = YES_AGGRESSIVE;
				CLANG_WARN_UNREACHABLE_CODE = YES;
				CLANG_WARN__DUPLICATE_METHOD_MATCH = YES;
				CODE_SIGN_IDENTITY = "iPhone Developer";
				COPY_PHASE_STRIP = NO;
				CURRENT_PROJECT_VERSION = 1;
				DEBUG_INFORMATION_FORMAT = dwarf;
				ENABLE_STRICT_OBJC_MSGSEND = YES;
				ENABLE_TESTABILITY = YES;
				GCC_C_LANGUAGE_STANDARD = gnu11;
				GCC_DYNAMIC_NO_PIC = NO;
				GCC_NO_COMMON_BLOCKS = YES;
				GCC_OPTIMIZATION_LEVEL = 0;
				GCC_PREPROCESSOR_DEFINITIONS = (
					"DEBUG=1",
					"$(inherited)",
				);
				GCC_WARN_64_TO_32_BIT_CONVERSION = YES;
				GCC_WARN_ABOUT_RETURN_TYPE = YES_ERROR;
				GCC_WARN_UNDECLARED_SELECTOR = YES;
				GCC_WARN_UNINITIALIZED_AUTOS = YES_AGGRESSIVE;
				GCC_WARN_UNUSED_FUNCTION = YES;
				GCC_WARN_UNUSED_VARIABLE = YES;
				IPHONEOS_DEPLOYMENT_TARGET = 11.4;
				MTL_ENABLE_DEBUG_INFO = YES;
				ONLY_ACTIVE_ARCH = YES;
				SDKROOT = iphoneos;
				SWIFT_ACTIVE_COMPILATION_CONDITIONS = DEBUG;
				SWIFT_OPTIMIZATION_LEVEL = "-Onone";
				VERSIONING_SYSTEM = "apple-generic";
				VERSION_INFO_PREFIX = "";
			};
			name = Debug;
		};
		81CB72B521142A14000B0BBC /* Release */ = {
			isa = XCBuildConfiguration;
			buildSettings = {
				ALWAYS_SEARCH_USER_PATHS = NO;
				CLANG_ANALYZER_NONNULL = YES;
				CLANG_ANALYZER_NUMBER_OBJECT_CONVERSION = YES_AGGRESSIVE;
				CLANG_CXX_LANGUAGE_STANDARD = "gnu++14";
				CLANG_CXX_LIBRARY = "libc++";
				CLANG_ENABLE_MODULES = YES;
				CLANG_ENABLE_OBJC_ARC = YES;
				CLANG_ENABLE_OBJC_WEAK = YES;
				CLANG_WARN_BLOCK_CAPTURE_AUTORELEASING = YES;
				CLANG_WARN_BOOL_CONVERSION = YES;
				CLANG_WARN_COMMA = YES;
				CLANG_WARN_CONSTANT_CONVERSION = YES;
				CLANG_WARN_DEPRECATED_OBJC_IMPLEMENTATIONS = YES;
				CLANG_WARN_DIRECT_OBJC_ISA_USAGE = YES_ERROR;
				CLANG_WARN_DOCUMENTATION_COMMENTS = YES;
				CLANG_WARN_EMPTY_BODY = YES;
				CLANG_WARN_ENUM_CONVERSION = YES;
				CLANG_WARN_INFINITE_RECURSION = YES;
				CLANG_WARN_INT_CONVERSION = YES;
				CLANG_WARN_NON_LITERAL_NULL_CONVERSION = YES;
				CLANG_WARN_OBJC_IMPLICIT_RETAIN_SELF = YES;
				CLANG_WARN_OBJC_LITERAL_CONVERSION = YES;
				CLANG_WARN_OBJC_ROOT_CLASS = YES_ERROR;
				CLANG_WARN_RANGE_LOOP_ANALYSIS = YES;
				CLANG_WARN_STRICT_PROTOTYPES = YES;
				CLANG_WARN_SUSPICIOUS_MOVE = YES;
				CLANG_WARN_UNGUARDED_AVAILABILITY = YES_AGGRESSIVE;
				CLANG_WARN_UNREACHABLE_CODE = YES;
				CLANG_WARN__DUPLICATE_METHOD_MATCH = YES;
				CODE_SIGN_IDENTITY = "iPhone Developer";
				COPY_PHASE_STRIP = NO;
				CURRENT_PROJECT_VERSION = 1;
				DEBUG_INFORMATION_FORMAT = "dwarf-with-dsym";
				ENABLE_NS_ASSERTIONS = NO;
				ENABLE_STRICT_OBJC_MSGSEND = YES;
				GCC_C_LANGUAGE_STANDARD = gnu11;
				GCC_NO_COMMON_BLOCKS = YES;
				GCC_WARN_64_TO_32_BIT_CONVERSION = YES;
				GCC_WARN_ABOUT_RETURN_TYPE = YES_ERROR;
				GCC_WARN_UNDECLARED_SELECTOR = YES;
				GCC_WARN_UNINITIALIZED_AUTOS = YES_AGGRESSIVE;
				GCC_WARN_UNUSED_FUNCTION = YES;
				GCC_WARN_UNUSED_VARIABLE = YES;
				IPHONEOS_DEPLOYMENT_TARGET = 11.4;
				MTL_ENABLE_DEBUG_INFO = NO;
				SDKROOT = iphoneos;
				SWIFT_COMPILATION_MODE = wholemodule;
				SWIFT_OPTIMIZATION_LEVEL = "-O";
				VALIDATE_PRODUCT = YES;
				VERSIONING_SYSTEM = "apple-generic";
				VERSION_INFO_PREFIX = "";
			};
			name = Release;
		};
		81CB72B721142A14000B0BBC /* Debug */ = {
			isa = XCBuildConfiguration;
			buildSettings = {
				CODE_SIGN_IDENTITY = "";
				CODE_SIGN_STYLE = Automatic;
				DEFINES_MODULE = YES;
				DYLIB_COMPATIBILITY_VERSION = 1;
				DYLIB_CURRENT_VERSION = 1;
				DYLIB_INSTALL_NAME_BASE = "@rpath";
				INFOPLIST_FILE = KVCocoa/Info.plist;
				INSTALL_PATH = "$(LOCAL_LIBRARY_DIR)/Frameworks";
				LD_RUNPATH_SEARCH_PATHS = (
					"$(inherited)",
					"@executable_path/Frameworks",
					"@loader_path/Frameworks",
				);
				PRODUCT_BUNDLE_IDENTIFIER = "HP-Enterprise.KVCocoa";
				PRODUCT_NAME = "$(TARGET_NAME:c99extidentifier)";
				SKIP_INSTALL = YES;
				SWIFT_VERSION = 4.0;
				TARGETED_DEVICE_FAMILY = "1,2";
			};
			name = Debug;
		};
		81CB72B821142A14000B0BBC /* Release */ = {
			isa = XCBuildConfiguration;
			buildSettings = {
				CODE_SIGN_IDENTITY = "";
				CODE_SIGN_STYLE = Automatic;
				DEFINES_MODULE = YES;
				DYLIB_COMPATIBILITY_VERSION = 1;
				DYLIB_CURRENT_VERSION = 1;
				DYLIB_INSTALL_NAME_BASE = "@rpath";
				INFOPLIST_FILE = KVCocoa/Info.plist;
				INSTALL_PATH = "$(LOCAL_LIBRARY_DIR)/Frameworks";
				LD_RUNPATH_SEARCH_PATHS = (
					"$(inherited)",
					"@executable_path/Frameworks",
					"@loader_path/Frameworks",
				);
				PRODUCT_BUNDLE_IDENTIFIER = "HP-Enterprise.KVCocoa";
				PRODUCT_NAME = "$(TARGET_NAME:c99extidentifier)";
				SKIP_INSTALL = YES;
				SWIFT_VERSION = 4.0;
				TARGETED_DEVICE_FAMILY = "1,2";
			};
			name = Release;
		};
		81CB72BA21142A14000B0BBC /* Debug */ = {
			isa = XCBuildConfiguration;
			buildSettings = {
				CODE_SIGN_STYLE = Automatic;
				INFOPLIST_FILE = KVCocoaTests/Info.plist;
				LD_RUNPATH_SEARCH_PATHS = (
					"$(inherited)",
					"@executable_path/Frameworks",
					"@loader_path/Frameworks",
				);
				PRODUCT_BUNDLE_IDENTIFIER = "HP-Enterprise.KVCocoaTests";
				PRODUCT_NAME = "$(TARGET_NAME)";
				SWIFT_VERSION = 4.0;
				TARGETED_DEVICE_FAMILY = "1,2";
			};
			name = Debug;
		};
		81CB72BB21142A14000B0BBC /* Release */ = {
			isa = XCBuildConfiguration;
			buildSettings = {
				CODE_SIGN_STYLE = Automatic;
				INFOPLIST_FILE = KVCocoaTests/Info.plist;
				LD_RUNPATH_SEARCH_PATHS = (
					"$(inherited)",
					"@executable_path/Frameworks",
					"@loader_path/Frameworks",
				);
				PRODUCT_BUNDLE_IDENTIFIER = "HP-Enterprise.KVCocoaTests";
				PRODUCT_NAME = "$(TARGET_NAME)";
				SWIFT_VERSION = 4.0;
				TARGETED_DEVICE_FAMILY = "1,2";
			};
			name = Release;
		};
/* End XCBuildConfiguration section */

/* Begin XCConfigurationList section */
		81CB729C21142A14000B0BBC /* Build configuration list for PBXProject "KVCocoa" */ = {
			isa = XCConfigurationList;
			buildConfigurations = (
				81CB72B421142A14000B0BBC /* Debug */,
				81CB72B521142A14000B0BBC /* Release */,
			);
			defaultConfigurationIsVisible = 0;
			defaultConfigurationName = Release;
		};
		81CB72B621142A14000B0BBC /* Build configuration list for PBXNativeTarget "KVCocoa" */ = {
			isa = XCConfigurationList;
			buildConfigurations = (
				81CB72B721142A14000B0BBC /* Debug */,
				81CB72B821142A14000B0BBC /* Release */,
			);
			defaultConfigurationIsVisible = 0;
			defaultConfigurationName = Release;
		};
		81CB72B921142A14000B0BBC /* Build configuration list for PBXNativeTarget "KVCocoaTests" */ = {
			isa = XCConfigurationList;
			buildConfigurations = (
				81CB72BA21142A14000B0BBC /* Debug */,
				81CB72BB21142A14000B0BBC /* Release */,
			);
			defaultConfigurationIsVisible = 0;
			defaultConfigurationName = Release;
		};
/* End XCConfigurationList section */
	};
	rootObject = 81CB729921142A14000B0BBC /* Project object */;
}
